
Microsoft Visual Studio Solution File, Format Version 12.00
# Visual Studio Version 17
VisualStudioVersion = 17.5.33516.290
MinimumVisualStudioVersion = 10.0.40219.1
Project("{54A90642-561A-4BB1-A94E-469ADEE60C69}") = "reactproject1", "reactproject1.esproj", "{F22DF521-8BEB-4F0E-B369-C85F1E40E9E0}"
EndProject
Global
	GlobalSection(SolutionConfigurationPlatforms) = preSolution
		Debug|Any CPU = Debug|Any CPU
		Release|Any CPU = Release|Any CPU
	EndGlobalSection
	GlobalSection(ProjectConfigurationPlatforms) = postSolution
		{F22DF521-8BEB-4F0E-B369-C85F1E40E9E0}.Debug|Any CPU.ActiveCfg = Debug|Any CPU
		{F22DF521-8BEB-4F0E-B369-C85F1E40E9E0}.Debug|Any CPU.Build.0 = Debug|Any CPU
		{F22DF521-8BEB-4F0E-B369-C85F1E40E9E0}.Debug|Any CPU.Deploy.0 = Debug|Any CPU
		{F22DF521-8BEB-4F0E-B369-C85F1E40E9E0}.Release|Any CPU.ActiveCfg = Release|Any CPU
		{F22DF521-8BEB-4F0E-B369-C85F1E40E9E0}.Release|Any CPU.Build.0 = Release|Any CPU
		{F22DF521-8BEB-4F0E-B369-C85F1E40E9E0}.Release|Any CPU.Deploy.0 = Release|Any CPU
	EndGlobalSection
	GlobalSection(SolutionProperties) = preSolution
		HideSolutionNode = FALSE
	EndGlobalSection
	GlobalSection(ExtensibilityGlobals) = postSolution
		SolutionGuid = {A0575639-25CF-4705-A55E-B3042EF87AFB}
	EndGlobalSection
EndGlobal
